
Microsoft Visual Studio Solution File, Format Version 12.00
# Visual Studio Version 16
VisualStudioVersion = 16.0.30517.126
MinimumVisualStudioVersion = 10.0.40219.1
Project("{9A19103F-16F7-4668-BE54-9A1E7A4F7556}") = "Commander", "Commander.csproj", "{6CF7EE68-7314-4D6E-BBF0-43C02329960B}"
EndProject
Global
	GlobalSection(SolutionConfigurationPlatforms) = preSolution
		Debug|Any CPU = Debug|Any CPU
		Release|Any CPU = Release|Any CPU
	EndGlobalSection
	GlobalSection(ProjectConfigurationPlatforms) = postSolution
		{6CF7EE68-7314-4D6E-BBF0-43C02329960B}.Debug|Any CPU.ActiveCfg = Debug|Any CPU
		{6CF7EE68-7314-4D6E-BBF0-43C02329960B}.Debug|Any CPU.Build.0 = Debug|Any CPU
		{6CF7EE68-7314-4D6E-BBF0-43C02329960B}.Release|Any CPU.ActiveCfg = Release|Any CPU
		{6CF7EE68-7314-4D6E-BBF0-43C02329960B}.Release|Any CPU.Build.0 = Release|Any CPU
	EndGlobalSection
	GlobalSection(SolutionProperties) = preSolution
		HideSolutionNode = FALSE
	EndGlobalSection
	GlobalSection(ExtensibilityGlobals) = postSolution
		SolutionGuid = {27146344-5F90-4165-A99A-F74980BC9ACC}
	EndGlobalSection
EndGlobal
